// !$*UTF8*$!
{
	archiveVersion = 1;
	classes = {
	};
	objectVersion = 46;
	objects = {

/* Begin PBXBuildFile section */
		96DBE7881AD4B7F900909F9C /* main.m in Sources */ = {isa = PBXBuildFile; fileRef = 96DBE7871AD4B7F900909F9C /* main.m */; };
		96DBE78F1AD4C19300909F9C /* question1part2.m in Sources */ = {isa = PBXBuildFile; fileRef = 96DBE78E1AD4C19300909F9C /* question1part2.m */; };
		96DBE7911AD4C43E00909F9C /* question1part3.m in Sources */ = {isa = PBXBuildFile; fileRef = 96DBE7901AD4C43E00909F9C /* question1part3.m */; };
		96DBE7A61AD4CC5B00909F9C /* question1part4.m in Sources */ = {isa = PBXBuildFile; fileRef = 96DBE7A51AD4CC5B00909F9C /* question1part4.m */; };
		96DBE7A81AD4CE5200909F9C /* question2.m in Sources */ = {isa = PBXBuildFile; fileRef = 96DBE7A71AD4CE5200909F9C /* question2.m */; };
		96DBE7AA1AD4CF4B00909F9C /* question3.m in Sources */ = {isa = PBXBuildFile; fileRef = 96DBE7A91AD4CF4B00909F9C /* question3.m */; };
/* End PBXBuildFile section */

/* Begin PBXCopyFilesBuildPhase section */
		96DBE7821AD4B7F900909F9C /* CopyFiles */ = {
			isa = PBXCopyFilesBuildPhase;
			buildActionMask = 2147483647;
			dstPath = /usr/share/man/man1/;
			dstSubfolderSpec = 0;
			files = (
			);
			runOnlyForDeploymentPostprocessing = 1;
		};
/* End PBXCopyFilesBuildPhase section */

/* Begin PBXFileReference section */
		96DBE7841AD4B7F900909F9C /* Assignment3 */ = {isa = PBXFileReference; explicitFileType = "compiled.mach-o.executable"; includeInIndex = 0; path = Assignment3; sourceTree = BUILT_PRODUCTS_DIR; };
		96DBE7871AD4B7F900909F9C /* main.m */ = {isa = PBXFileReference; lastKnownFileType = sourcecode.c.objc; path = main.m; sourceTree = "<group>"; };
		96DBE78E1AD4C19300909F9C /* question1part2.m */ = {isa = PBXFileReference; fileEncoding = 4; lastKnownFileType = sourcecode.c.objc; path = question1part2.m; sourceTree = "<group>"; };
		96DBE7901AD4C43E00909F9C /* question1part3.m */ = {isa = PBXFileReference; fileEncoding = 4; lastKnownFileType = sourcecode.c.objc; path = question1part3.m; sourceTree = "<group>"; };
		96DBE7A51AD4CC5B00909F9C /* question1part4.m */ = {isa = PBXFileReference; fileEncoding = 4; lastKnownFileType = sourcecode.c.objc; path = question1part4.m; sourceTree = "<group>"; };
		96DBE7A71AD4CE5200909F9C /* question2.m */ = {isa = PBXFileReference; fileEncoding = 4; lastKnownFileType = sourcecode.c.objc; path = question2.m; sourceTree = "<group>"; };
		96DBE7A91AD4CF4B00909F9C /* question3.m */ = {isa = PBXFileReference; fileEncoding = 4; lastKnownFileType = sourcecode.c.objc; path = question3.m; sourceTree = "<group>"; };
/* End PBXFileReference section */

/* Begin PBXFrameworksBuildPhase section */
		96DBE7811AD4B7F900909F9C /* Frameworks */ = {
			isa = PBXFrameworksBuildPhase;
			buildActionMask = 2147483647;
			files = (
			);
			runOnlyForDeploymentPostprocessing = 0;
		};
/* End PBXFrameworksBuildPhase section */

/* Begin PBXGroup section */
		96DBE77B1AD4B7F900909F9C = {
			isa = PBXGroup;
			children = (
				96DBE7861AD4B7F900909F9C /* Assignment3 */,
				96DBE7851AD4B7F900909F9C /* Products */,
			);
			sourceTree = "<group>";
		};
		96DBE7851AD4B7F900909F9C /* Products */ = {
			isa = PBXGroup;
			children = (
				96DBE7841AD4B7F900909F9C /* Assignment3 */,
			);
			name = Products;
			sourceTree = "<group>";
		};
		96DBE7861AD4B7F900909F9C /* Assignment3 */ = {
			isa = PBXGroup;
			children = (
				96DBE7871AD4B7F900909F9C /* main.m */,
				96DBE78E1AD4C19300909F9C /* question1part2.m */,
				96DBE7901AD4C43E00909F9C /* question1part3.m */,
				96DBE7A51AD4CC5B00909F9C /* question1part4.m */,
				96DBE7A71AD4CE5200909F9C /* question2.m */,
				96DBE7A91AD4CF4B00909F9C /* question3.m */,
			);
			path = Assignment3;
			sourceTree = "<group>";
		};
/* End PBXGroup section */

/* Begin PBXNativeTarget section */
		96DBE7831AD4B7F900909F9C /* Assignment3 */ = {
			isa = PBXNativeTarget;
			buildConfigurationList = 96DBE78B1AD4B7F900909F9C /* Build configuration list for PBXNativeTarget "Assignment3" */;
			buildPhases = (
				96DBE7801AD4B7F900909F9C /* Sources */,
				96DBE7811AD4B7F900909F9C /* Frameworks */,
				96DBE7821AD4B7F900909F9C /* CopyFiles */,
			);
			buildRules = (
			);
			dependencies = (
			);
			name = Assignment3;
			productName = Assignment3;
			productReference = 96DBE7841AD4B7F900909F9C /* Assignment3 */;
			productType = "com.apple.product-type.tool";
		};
/* End PBXNativeTarget section */

/* Begin PBXProject section */
		96DBE77C1AD4B7F900909F9C /* Project object */ = {
			isa = PBXProject;
			attributes = {
				LastUpgradeCheck = 0620;
				ORGANIZATIONNAME = "Bianca Binstock";
				TargetAttributes = {
					96DBE7831AD4B7F900909F9C = {
						CreatedOnToolsVersion = 6.2;
					};
				};
			};
			buildConfigurationList = 96DBE77F1AD4B7F900909F9C /* Build configuration list for PBXProject "Assignment3" */;
			compatibilityVersion = "Xcode 3.2";
			developmentRegion = English;
			hasScannedForEncodings = 0;
			knownRegions = (
				en,
			);
			mainGroup = 96DBE77B1AD4B7F900909F9C;
			productRefGroup = 96DBE7851AD4B7F900909F9C /* Products */;
			projectDirPath = "";
			projectRoot = "";
			targets = (
				96DBE7831AD4B7F900909F9C /* Assignment3 */,
			);
		};
/* End PBXProject section */

/* Begin PBXSourcesBuildPhase section */
		96DBE7801AD4B7F900909F9C /* Sources */ = {
			isa = PBXSourcesBuildPhase;
			buildActionMask = 2147483647;
			files = (
				96DBE7881AD4B7F900909F9C /* main.m in Sources */,
				96DBE7AA1AD4CF4B00909F9C /* question3.m in Sources */,
				96DBE7A81AD4CE5200909F9C /* question2.m in Sources */,
				96DBE7911AD4C43E00909F9C /* question1part3.m in Sources */,
				96DBE78F1AD4C19300909F9C /* question1part2.m in Sources */,
				96DBE7A61AD4CC5B00909F9C /* question1part4.m in Sources */,
			);
			runOnlyForDeploymentPostprocessing = 0;
		};
/* End PBXSourcesBuildPhase section */

/* Begin XCBuildConfiguration section */
		96DBE7891AD4B7F900909F9C /* Debug */ = {
			isa = XCBuildConfiguration;
			buildSettings = {
				ALWAYS_SEARCH_USER_PATHS = NO;
				CLANG_CXX_LANGUAGE_STANDARD = "gnu++0x";
				CLANG_CXX_LIBRARY = "libc++";
				CLANG_ENABLE_MODULES = YES;
				CLANG_ENABLE_OBJC_ARC = YES;
				CLANG_WARN_BOOL_CONVERSION = YES;
				CLANG_WARN_CONSTANT_CONVERSION = YES;
				CLANG_WARN_DIRECT_OBJC_ISA_USAGE = YES_ERROR;
				CLANG_WARN_EMPTY_BODY = YES;
				CLANG_WARN_ENUM_CONVERSION = YES;
				CLANG_WARN_INT_CONVERSION = YES;
				CLANG_WARN_OBJC_ROOT_CLASS = YES_ERROR;
				CLANG_WARN_UNREACHABLE_CODE = YES;
				CLANG_WARN__DUPLICATE_METHOD_MATCH = YES;
				COPY_PHASE_STRIP = NO;
				ENABLE_STRICT_OBJC_MSGSEND = YES;
				GCC_C_LANGUAGE_STANDARD = gnu99;
				GCC_DYNAMIC_NO_PIC = NO;
				GCC_OPTIMIZATION_LEVEL = 0;
				GCC_PREPROCESSOR_DEFINITIONS = (
					"DEBUG=1",
					"$(inherited)",
				);
				GCC_SYMBOLS_PRIVATE_EXTERN = NO;
				GCC_WARN_64_TO_32_BIT_CONVERSION = YES;
				GCC_WARN_ABOUT_RETURN_TYPE = YES_ERROR;
				GCC_WARN_UNDECLARED_SELECTOR = YES;
				GCC_WARN_UNINITIALIZED_AUTOS = YES_AGGRESSIVE;
				GCC_WARN_UNUSED_FUNCTION = YES;
				GCC_WARN_UNUSED_VARIABLE = YES;
				MACOSX_DEPLOYMENT_TARGET = 10.10;
				MTL_ENABLE_DEBUG_INFO = YES;
				ONLY_ACTIVE_ARCH = YES;
				SDKROOT = macosx;
			};
			name = Debug;
		};
		96DBE78A1AD4B7F900909F9C /* Release */ = {
			isa = XCBuildConfiguration;
			buildSettings = {
				ALWAYS_SEARCH_USER_PATHS = NO;
				CLANG_CXX_LANGUAGE_STANDARD = "gnu++0x";
				CLANG_CXX_LIBRARY = "libc++";
				CLANG_ENABLE_MODULES = YES;
				CLANG_ENABLE_OBJC_ARC = YES;
				CLANG_WARN_BOOL_CONVERSION = YES;
				CLANG_WARN_CONSTANT_CONVERSION = YES;
				CLANG_WARN_DIRECT_OBJC_ISA_USAGE = YES_ERROR;
				CLANG_WARN_EMPTY_BODY = YES;
				CLANG_WARN_ENUM_CONVERSION = YES;
				CLANG_WARN_INT_CONVERSION = YES;
				CLANG_WARN_OBJC_ROOT_CLASS = YES_ERROR;
				CLANG_WARN_UNREACHABLE_CODE = YES;
				CLANG_WARN__DUPLICATE_METHOD_MATCH = YES;
				COPY_PHASE_STRIP = NO;
				DEBUG_INFORMATION_FORMAT = "dwarf-with-dsym";
				ENABLE_NS_ASSERTIONS = NO;
				ENABLE_STRICT_OBJC_MSGSEND = YES;
				GCC_C_LANGUAGE_STANDARD = gnu99;
				GCC_WARN_64_TO_32_BIT_CONVERSION = YES;
				GCC_WARN_ABOUT_RETURN_TYPE = YES_ERROR;
				GCC_WARN_UNDECLARED_SELECTOR = YES;
				GCC_WARN_UNINITIALIZED_AUTOS = YES_AGGRESSIVE;
				GCC_WARN_UNUSED_FUNCTION = YES;
				GCC_WARN_UNUSED_VARIABLE = YES;
				MACOSX_DEPLOYMENT_TARGET = 10.10;
				MTL_ENABLE_DEBUG_INFO = NO;
				SDKROOT = macosx;
			};
			name = Release;
		};
		96DBE78C1AD4B7F900909F9C /* Debug */ = {
			isa = XCBuildConfiguration;
			buildSettings = {
				PRODUCT_NAME = "$(TARGET_NAME)";
			};
			name = Debug;
		};
		96DBE78D1AD4B7F900909F9C /* Release */ = {
			isa = XCBuildConfiguration;
			buildSettings = {
				PRODUCT_NAME = "$(TARGET_NAME)";
			};
			name = Release;
		};
/* End XCBuildConfiguration section */

/* Begin XCConfigurationList section */
		96DBE77F1AD4B7F900909F9C /* Build configuration list for PBXProject "Assignment3" */ = {
			isa = XCConfigurationList;
			buildConfigurations = (
				96DBE7891AD4B7F900909F9C /* Debug */,
				96DBE78A1AD4B7F900909F9C /* Release */,
			);
			defaultConfigurationIsVisible = 0;
			defaultConfigurationName = Release;
		};
		96DBE78B1AD4B7F900909F9C /* Build configuration list for PBXNativeTarget "Assignment3" */ = {
			isa = XCConfigurationList;
			buildConfigurations = (
				96DBE78C1AD4B7F900909F9C /* Debug */,
				96DBE78D1AD4B7F900909F9C /* Release */,
			);
			defaultConfigurationIsVisible = 0;
		};
/* End XCConfigurationList section */
	};
	rootObject = 96DBE77C1AD4B7F900909F9C /* Project object */;
}
